
Microsoft Visual Studio Solution File, Format Version 12.00
# Visual Studio Version 17
VisualStudioVersion = 17.7.34024.191
MinimumVisualStudioVersion = 10.0.40219.1
Project("{8BC9CEB8-8B4A-11D0-8D11-00A0C91BC942}") = "Sandbox", "Sandbox\Sandbox.vcxproj", "{54B601B5-149A-48EB-82FC-3448BF0862B1}"
EndProject
Project("{8BC9CEB8-8B4A-11D0-8D11-00A0C91BC942}") = "Amazel", "Amazel\Amazel.vcxproj", "{39480270-5B9B-49E7-879D-5732B4BD29FA}"
EndProject
Global
	GlobalSection(SolutionConfigurationPlatforms) = preSolution
		Debug|x64 = Debug|x64
		Release|x64 = Release|x64
	EndGlobalSection
	GlobalSection(ProjectConfigurationPlatforms) = postSolution
		{39480270-5B9B-49E7-879D-5732B4BD29FA}.Debug|x64.ActiveCfg = Debug|x64
		{39480270-5B9B-49E7-879D-5732B4BD29FA}.Debug|x64.Build.0 = Debug|x64
		{39480270-5B9B-49E7-879D-5732B4BD29FA}.Release|x64.ActiveCfg = Release|x64
		{39480270-5B9B-49E7-879D-5732B4BD29FA}.Release|x64.Build.0 = Release|x64
		{54B601B5-149A-48EB-82FC-3448BF0862B1}.Debug|x64.ActiveCfg = Debug|x64
		{54B601B5-149A-48EB-82FC-3448BF0862B1}.Debug|x64.Build.0 = Debug|x64
		{54B601B5-149A-48EB-82FC-3448BF0862B1}.Release|x64.ActiveCfg = Release|x64
		{54B601B5-149A-48EB-82FC-3448BF0862B1}.Release|x64.Build.0 = Release|x64
	EndGlobalSection
	GlobalSection(SolutionProperties) = preSolution
		HideSolutionNode = FALSE
	EndGlobalSection
	GlobalSection(ExtensibilityGlobals) = postSolution
		SolutionGuid = {7B5BE55F-3921-49AE-A1D6-3AD383F999E1}
	EndGlobalSection
EndGlobal
