<?xml version="1.0" encoding="utf-8"?>
<Project ToolsVersion="4.0" xmlns="http://schemas.microsoft.com/developer/msbuild/2003">
  <ItemGroup>
    <Filter Include="Amazel">
      <UniqueIdentifier>{BF096AA7-ABAB-947D-9466-A8D180A71BCE}</UniqueIdentifier>
    </Filter>
    <Filter Include="Amazel\Events">
      <UniqueIdentifier>{C368394D-2F29-B583-F863-FE0064E3F95F}</UniqueIdentifier>
    </Filter>
    <Filter Include="Platform">
      <UniqueIdentifier>{2AC788B4-1694-E3BF-3FAD-D1672BD9184E}</UniqueIdentifier>
    </Filter>
    <Filter Include="Platform\Windows">
      <UniqueIdentifier>{64FBD71A-50F4-F66C-7926-DCF1657ED678}</UniqueIdentifier>
    </Filter>
  </ItemGroup>
  <ItemGroup>
    <ClInclude Include="src\Amazel.h" />
    <ClInclude Include="src\Amazel\Application.h">
      <Filter>Amazel</Filter>
    </ClInclude>
    <ClInclude Include="src\Amazel\Core.h">
      <Filter>Amazel</Filter>
    </ClInclude>
    <ClInclude Include="src\Amazel\EntryPoint.h">
      <Filter>Amazel</Filter>
    </ClInclude>
    <ClInclude Include="src\Amazel\Events\ApplicationEvent.h">
      <Filter>Amazel\Events</Filter>
    </ClInclude>
    <ClInclude Include="src\Amazel\Events\Event.h">
      <Filter>Amazel\Events</Filter>
    </ClInclude>
    <ClInclude Include="src\Amazel\Events\KeyEvent.h">
      <Filter>Amazel\Events</Filter>
    </ClInclude>
    <ClInclude Include="src\Amazel\Events\MouseEvent.h">
      <Filter>Amazel\Events</Filter>
    </ClInclude>
    <ClInclude Include="src\Amazel\LOG.h">
      <Filter>Amazel</Filter>
    </ClInclude>
    <ClInclude Include="src\Amazel\Window.h">
      <Filter>Amazel</Filter>
    </ClInclude>
    <ClInclude Include="src\Platform\Windows\WindowsWindow.h">
      <Filter>Platform\Windows</Filter>
    </ClInclude>
    <ClInclude Include="src\azpch.h" />
  </ItemGroup>
  <ItemGroup>
    <ClCompile Include="src\Amazel\Application.cpp">
      <Filter>Amazel</Filter>
    </ClCompile>
    <ClCompile Include="src\Amazel\LOG.cpp">
      <Filter>Amazel</Filter>
    </ClCompile>
    <ClCompile Include="src\Platform\Windows\WindowsWindow.cpp">
      <Filter>Platform\Windows</Filter>
    </ClCompile>
    <ClCompile Include="src\azpch.cpp" />
  </ItemGroup>
</Project>